<?xml version="1.0" encoding="utf-8"?>
<Project ToolsVersion="4.0" xmlns="http://schemas.microsoft.com/developer/msbuild/2003">
  <ItemGroup>
    <Filter Include="소스 파일">
      <UniqueIdentifier>{4FC737F1-C7A5-4376-A066-2A32D752A2FF}</UniqueIdentifier>
      <Extensions>cpp;c;cc;cxx;def;odl;idl;hpj;bat;asm;asmx</Extensions>
    </Filter>
    <Filter Include="헤더 파일">
      <UniqueIdentifier>{93995380-89BD-4b04-88EB-625FBE52EBFB}</UniqueIdentifier>
      <Extensions>h;hh;hpp;hxx;hm;inl;inc;xsd</Extensions>
    </Filter>
    <Filter Include="리소스 파일">
      <UniqueIdentifier>{67DA6AB6-F800-4c08-8B7A-83BB121AAD01}</UniqueIdentifier>
      <Extensions>rc;ico;cur;bmp;dlg;rc2;rct;bin;rgs;gif;jpg;jpeg;jpe;resx;tiff;tif;png;wav;mfcribbon-ms</Extensions>
    </Filter>
    <Filter Include="헤더 파일\Layer">
      <UniqueIdentifier>{a858d8ff-f48d-41b3-bbd0-ad3b78318731}</UniqueIdentifier>
    </Filter>
    <Filter Include="헤더 파일\Activation">
      <UniqueIdentifier>{564b0f67-3a8b-40bf-86fe-d553aa8379d8}</UniqueIdentifier>
    </Filter>
    <Filter Include="헤더 파일\Output">
      <UniqueIdentifier>{841df77c-4412-44e4-8651-42a65af9fd61}</UniqueIdentifier>
    </Filter>
    <Filter Include="헤더 파일\Utils">
      <UniqueIdentifier>{349bb126-57d3-4b76-8823-436a1aa61102}</UniqueIdentifier>
    </Filter>
    <Filter Include="헤더 파일\Optimizer">
      <UniqueIdentifier>{77eff64b-7086-4a47-b1ed-56e0ab5d23e7}</UniqueIdentifier>
    </Filter>
  </ItemGroup>
  <ItemGroup>
    <ClInclude Include="NeuralNet.h">
      <Filter>헤더 파일</Filter>
    </ClInclude>
    <ClInclude Include="DNN.h">
      <Filter>헤더 파일</Filter>
    </ClInclude>
    <ClInclude Include="Layer.h">
      <Filter>헤더 파일</Filter>
    </ClInclude>
    <ClInclude Include="Optimizer.h">
      <Filter>헤더 파일</Filter>
    </ClInclude>
    <ClInclude Include="Output.h">
      <Filter>헤더 파일</Filter>
    </ClInclude>
    <ClInclude Include="Config.h">
      <Filter>헤더 파일</Filter>
    </ClInclude>
    <ClInclude Include="RNG.h">
      <Filter>헤더 파일</Filter>
    </ClInclude>
    <ClInclude Include="Utils\Convolution.h">
      <Filter>헤더 파일\Utils</Filter>
    </ClInclude>
    <ClInclude Include="Utils\MaxAverage.h">
      <Filter>헤더 파일\Utils</Filter>
    </ClInclude>
    <ClInclude Include="Utils\Random.h">
      <Filter>헤더 파일\Utils</Filter>
    </ClInclude>
    <ClInclude Include="Layer\Convolutional.h">
      <Filter>헤더 파일\Layer</Filter>
    </ClInclude>
    <ClInclude Include="Layer\FullyConnected.h">
      <Filter>헤더 파일\Layer</Filter>
    </ClInclude>
    <ClInclude Include="Layer\Pooling.h">
      <Filter>헤더 파일\Layer</Filter>
    </ClInclude>
    <ClInclude Include="Activation\Identity.h">
      <Filter>헤더 파일\Activation</Filter>
    </ClInclude>
    <ClInclude Include="Activation\ReLU.h">
      <Filter>헤더 파일\Activation</Filter>
    </ClInclude>
    <ClInclude Include="Activation\Sigmoid.h">
      <Filter>헤더 파일\Activation</Filter>
    </ClInclude>
    <ClInclude Include="Activation\Tanh.h">
      <Filter>헤더 파일\Activation</Filter>
    </ClInclude>
    <ClInclude Include="Activation\Softmax.h">
      <Filter>헤더 파일\Activation</Filter>
    </ClInclude>
    <ClInclude Include="Output\MSE.h">
      <Filter>헤더 파일\Output</Filter>
    </ClInclude>
    <ClInclude Include="Output\CrossEntropy.h">
      <Filter>헤더 파일\Output</Filter>
    </ClInclude>
    <ClInclude Include="Optimizer\SGD.h">
      <Filter>헤더 파일\Optimizer</Filter>
    </ClInclude>
    <ClInclude Include="Optimizer\Momentum.h">
      <Filter>헤더 파일\Optimizer</Filter>
    </ClInclude>
    <ClInclude Include="Utils\sparsepp.h">
      <Filter>헤더 파일\Utils</Filter>
    </ClInclude>
    <ClInclude Include="Optimizer\NAG.h">
      <Filter>헤더 파일\Optimizer</Filter>
    </ClInclude>
    <ClInclude Include="Optimizer\AdaGrad.h">
      <Filter>헤더 파일\Optimizer</Filter>
    </ClInclude>
    <ClInclude Include="Optimizer\AdaDelta.h">
      <Filter>헤더 파일\Optimizer</Filter>
    </ClInclude>
    <ClInclude Include="Optimizer\Adam.h">
      <Filter>헤더 파일\Optimizer</Filter>
    </ClInclude>
    <ClInclude Include="Optimizer\Nadam.h">
      <Filter>헤더 파일\Optimizer</Filter>
    </ClInclude>
    <ClInclude Include="Optimizer\AdaMAX.h">
      <Filter>헤더 파일\Optimizer</Filter>
    </ClInclude>
    <ClInclude Include="Optimizer\RMSProp.h">
      <Filter>헤더 파일\Optimizer</Filter>
    </ClInclude>
    <ClInclude Include="Optimizer\AMSGrad.h">
      <Filter>헤더 파일\Optimizer</Filter>
    </ClInclude>
  </ItemGroup>
  <ItemGroup>
    <ClCompile Include="main.cpp">
      <Filter>소스 파일</Filter>
    </ClCompile>
  </ItemGroup>
</Project>